{
  "version": 4,
  "terraform_version": "1.1.0",
  "serial": 16,
  "lineage": "798f0be2-391e-566b-a8af-eba606c5320e",
  "outputs": {},
  "resources": [
    {
      "mode": "managed",
      "type": "aws_s3_bucket",
      "name": "bucket",
      "provider": "provider[\"registry.terraform.io/hashicorp/aws\"]",
      "instances": [
        {
          "schema_version": 0,
          "attributes": {
            "acceleration_status": "",
            "acl": "private",
            "arn": "arn:aws:s3:::kdh-tfstates",
            "bucket": "kdh-tfstates",
            "bucket_domain_name": "kdh-tfstates.s3.amazonaws.com",
            "bucket_prefix": null,
            "bucket_regional_domain_name": "kdh-tfstates.s3.eu-west-1.amazonaws.com",
            "cors_rule": [],
            "force_destroy": true,
            "grant": [],
            "hosted_zone_id": "Z1BKCTXD74EZPE",
            "id": "kdh-tfstates",
            "lifecycle_rule": [],
            "logging": [],
            "object_lock_configuration": [],
            "policy": null,
            "region": "eu-west-1",
            "replication_configuration": [],
            "request_payer": "BucketOwner",
            "server_side_encryption_configuration": [],
            "tags": {},
            "tags_all": {},
            "versioning": [
              {
                "enabled": true,
                "mfa_delete": false
              }
            ],
            "website": [],
            "website_domain": null,
            "website_endpoint": null
          },
          "sensitive_attributes": [],
          "private": "bnVsbA=="
        }
      ]
    }
  ]
}
