{
  "version": 4,
  "terraform_version": "1.1.0",
  "serial": 5,
  "lineage": "7f9560e9-b670-9fec-a3d6-00112e7b4af4",
  "outputs": {
    "kdh_rds_username": {
      "value": "edu",
      "type": "string",
      "sensitive": true
    }
  },
  "resources": [
    {
      "module": "module.kdh_database",
      "mode": "data",
      "type": "terraform_remote_state",
      "name": "kdh_network",
      "provider": "provider[\"terraform.io/builtin/terraform\"]",
      "instances": [
        {
          "schema_version": 0,
          "attributes": {
            "backend": "s3",
            "config": {
              "value": {
                "bucket": "kdh-tfstates",
                "key": "network/terraform.tfstate",
                "region": "eu-west-1"
              },
              "type": [
                "object",
                {
                  "bucket": "string",
                  "key": "string",
                  "region": "string"
                }
              ]
            },
            "defaults": null,
            "outputs": {
              "value": {
                "kdh_public_subnet_ids": [
                  "subnet-048d1cadc48776623",
                  "subnet-0c8988654909692cd"
                ],
                "kdh_vpc_cidr": "10.100.0.0/16",
                "kdh_vpc_id": "vpc-079cef1a589048cdf"
              },
              "type": [
                "object",
                {
                  "kdh_public_subnet_ids": [
                    "tuple",
                    [
                      "string",
                      "string"
                    ]
                  ],
                  "kdh_vpc_cidr": "string",
                  "kdh_vpc_id": "string"
                }
              ]
            },
            "workspace": null
          },
          "sensitive_attributes": []
        }
      ]
    },
    {
      "module": "module.kdh_database",
      "mode": "managed",
      "type": "aws_db_subnet_group",
      "name": "kdh",
      "provider": "provider[\"registry.terraform.io/hashicorp/aws\"]",
      "instances": [
        {
          "schema_version": 0,
          "attributes": {
            "arn": "arn:aws:rds:eu-west-1:272058263048:subgrp:kdh",
            "description": "Managed by Terraform",
            "id": "kdh",
            "name": "kdh",
            "name_prefix": null,
            "subnet_ids": [
              "subnet-048d1cadc48776623",
              "subnet-0c8988654909692cd"
            ],
            "tags": {
              "name": "local-db-subnet-group",
              "owner": "gpenaud",
              "project": "kdh"
            },
            "tags_all": {
              "name": "local-db-subnet-group",
              "owner": "gpenaud",
              "project": "kdh"
            }
          },
          "sensitive_attributes": [],
          "private": "bnVsbA==",
          "dependencies": [
            "module.kdh_database.data.terraform_remote_state.kdh_network"
          ]
        }
      ]
    }
  ]
}
